{
  "name": "yukari-swimsuit-wallpaper",
  "version": "1.0.0",
  "lockfileVersion": 3,
  "requires": true,
  "packages": {
    "": {
      "name": "yukari-swimsuit-wallpaper",
      "version": "1.0.0",
      "dependencies": {
        "ba-memorial-lobby-wallpaper-runtime": "^0.5.0"
      },
      "engines": {
        "node": ">=22"
      }
    },
    "node_modules/ba-memorial-lobby-wallpaper-runtime": {
      "version": "0.5.0",
      "resolved": "https://registry.npmjs.org/ba-memorial-lobby-wallpaper-runtime/-/ba-memorial-lobby-wallpaper-runtime-0.5.0.tgz",
      "integrity": "sha512-qXi0q7V1DE7wdbf4zCSobfklYwi10iePQxhlOeOtAGgie1P8hQWezim4gQOiA0NqAfy+85pk9iPFZdTJZJG7vQ=="
    }
  }
}
